// !$*UTF8*$!
{
	archiveVersion = 1;
	classes = {
	};
	objectVersion = 46;
	objects = {

/* Begin PBXBuildFile section */
		332457E71ED280780034B666 /* AppDelegate.swift in Sources */ = {isa = PBXBuildFile; fileRef = 332457E61ED280780034B666 /* AppDelegate.swift */; };
		332457E91ED280780034B666 /* ViewController.swift in Sources */ = {isa = PBXBuildFile; fileRef = 332457E81ED280780034B666 /* ViewController.swift */; };
		332457EC1ED280780034B666 /* Main.storyboard in Resources */ = {isa = PBXBuildFile; fileRef = 332457EA1ED280780034B666 /* Main.storyboard */; };
		332457EE1ED280780034B666 /* Assets.xcassets in Resources */ = {isa = PBXBuildFile; fileRef = 332457ED1ED280780034B666 /* Assets.xcassets */; };
		332457F11ED280780034B666 /* LaunchScreen.storyboard in Resources */ = {isa = PBXBuildFile; fileRef = 332457EF1ED280780034B666 /* LaunchScreen.storyboard */; };
/* End PBXBuildFile section */

/* Begin PBXFileReference section */
		332457E31ED280780034B666 /* tester2.app */ = {isa = PBXFileReference; explicitFileType = wrapper.application; includeInIndex = 0; path = tester2.app; sourceTree = BUILT_PRODUCTS_DIR; };
		332457E61ED280780034B666 /* AppDelegate.swift */ = {isa = PBXFileReference; lastKnownFileType = sourcecode.swift; path = AppDelegate.swift; sourceTree = "<group>"; };
		332457E81ED280780034B666 /* ViewController.swift */ = {isa = PBXFileReference; lastKnownFileType = sourcecode.swift; path = ViewController.swift; sourceTree = "<group>"; };
		332457EB1ED280780034B666 /* Base */ = {isa = PBXFileReference; lastKnownFileType = file.storyboard; name = Base; path = Base.lproj/Main.storyboard; sourceTree = "<group>"; };
		332457ED1ED280780034B666 /* Assets.xcassets */ = {isa = PBXFileReference; lastKnownFileType = folder.assetcatalog; path = Assets.xcassets; sourceTree = "<group>"; };
		332457F01ED280780034B666 /* Base */ = {isa = PBXFileReference; lastKnownFileType = file.storyboard; name = Base; path = Base.lproj/LaunchScreen.storyboard; sourceTree = "<group>"; };
		332457F21ED280780034B666 /* Info.plist */ = {isa = PBXFileReference; lastKnownFileType = text.plist.xml; path = Info.plist; sourceTree = "<group>"; };
/* End PBXFileReference section */

/* Begin PBXFrameworksBuildPhase section */
		332457E01ED280780034B666 /* Frameworks */ = {
			isa = PBXFrameworksBuildPhase;
			buildActionMask = 2147483647;
			files = (
			);
			runOnlyForDeploymentPostprocessing = 0;
		};
/* End PBXFrameworksBuildPhase section */

/* Begin PBXGroup section */
		332457DA1ED280770034B666 = {
			isa = PBXGroup;
			children = (
				332457E51ED280780034B666 /* tester2 */,
				332457E41ED280780034B666 /* Products */,
			);
			sourceTree = "<group>";
		};
		332457E41ED280780034B666 /* Products */ = {
			isa = PBXGroup;
			children = (
				332457E31ED280780034B666 /* tester2.app */,
			);
			name = Products;
			sourceTree = "<group>";
		};
		332457E51ED280780034B666 /* tester2 */ = {
			isa = PBXGroup;
			children = (
				332457E61ED280780034B666 /* AppDelegate.swift */,
				332457E81ED280780034B666 /* ViewController.swift */,
				332457EA1ED280780034B666 /* Main.storyboard */,
				332457ED1ED280780034B666 /* Assets.xcassets */,
				332457EF1ED280780034B666 /* LaunchScreen.storyboard */,
				332457F21ED280780034B666 /* Info.plist */,
			);
			path = tester2;
			sourceTree = "<group>";
		};
/* End PBXGroup section */

/* Begin PBXNativeTarget section */
		332457E21ED280780034B666 /* tester2 */ = {
			isa = PBXNativeTarget;
			buildConfigurationList = 332457F51ED280780034B666 /* Build configuration list for PBXNativeTarget "tester2" */;
			buildPhases = (
				332457DF1ED280780034B666 /* Sources */,
				332457E01ED280780034B666 /* Frameworks */,
				332457E11ED280780034B666 /* Resources */,
			);
			buildRules = (
			);
			dependencies = (
			);
			name = tester2;
			productName = tester2;
			productReference = 332457E31ED280780034B666 /* tester2.app */;
			productType = "com.apple.product-type.application";
		};
/* End PBXNativeTarget section */

/* Begin PBXProject section */
		332457DB1ED280770034B666 /* Project object */ = {
			isa = PBXProject;
			attributes = {
				LastSwiftUpdateCheck = 0710;
				LastUpgradeCheck = 0710;
				ORGANIZATIONNAME = "Kenneth Fee";
				TargetAttributes = {
					332457E21ED280780034B666 = {
						CreatedOnToolsVersion = 7.1.1;
					};
				};
			};
			buildConfigurationList = 332457DE1ED280770034B666 /* Build configuration list for PBXProject "tester2" */;
			compatibilityVersion = "Xcode 3.2";
			developmentRegion = English;
			hasScannedForEncodings = 0;
			knownRegions = (
				en,
				Base,
			);
			mainGroup = 332457DA1ED280770034B666;
			productRefGroup = 332457E41ED280780034B666 /* Products */;
			projectDirPath = "";
			projectRoot = "";
			targets = (
				332457E21ED280780034B666 /* tester2 */,
			);
		};
/* End PBXProject section */

/* Begin PBXResourcesBuildPhase section */
		332457E11ED280780034B666 /* Resources */ = {
			isa = PBXResourcesBuildPhase;
			buildActionMask = 2147483647;
			files = (
				332457F11ED280780034B666 /* LaunchScreen.storyboard in Resources */,
				332457EE1ED280780034B666 /* Assets.xcassets in Resources */,
				332457EC1ED280780034B666 /* Main.storyboard in Resources */,
			);
			runOnlyForDeploymentPostprocessing = 0;
		};
/* End PBXResourcesBuildPhase section */

/* Begin PBXSourcesBuildPhase section */
		332457DF1ED280780034B666 /* Sources */ = {
			isa = PBXSourcesBuildPhase;
			buildActionMask = 2147483647;
			files = (
				332457E91ED280780034B666 /* ViewController.swift in Sources */,
				332457E71ED280780034B666 /* AppDelegate.swift in Sources */,
			);
			runOnlyForDeploymentPostprocessing = 0;
		};
/* End PBXSourcesBuildPhase section */

/* Begin PBXVariantGroup section */
		332457EA1ED280780034B666 /* Main.storyboard */ = {
			isa = PBXVariantGroup;
			children = (
				332457EB1ED280780034B666 /* Base */,
			);
			name = Main.storyboard;
			sourceTree = "<group>";
		};
		332457EF1ED280780034B666 /* LaunchScreen.storyboard */ = {
			isa = PBXVariantGroup;
			children = (
				332457F01ED280780034B666 /* Base */,
			);
			name = LaunchScreen.storyboard;
			sourceTree = "<group>";
		};
/* End PBXVariantGroup section */

/* Begin XCBuildConfiguration section */
		332457F31ED280780034B666 /* Debug */ = {
			isa = XCBuildConfiguration;
			buildSettings = {
				ALWAYS_SEARCH_USER_PATHS = NO;
				CLANG_CXX_LANGUAGE_STANDARD = "gnu++0x";
				CLANG_CXX_LIBRARY = "libc++";
				CLANG_ENABLE_MODULES = YES;
				CLANG_ENABLE_OBJC_ARC = YES;
				CLANG_WARN_BOOL_CONVERSION = YES;
				CLANG_WARN_CONSTANT_CONVERSION = YES;
				CLANG_WARN_DIRECT_OBJC_ISA_USAGE = YES_ERROR;
				CLANG_WARN_EMPTY_BODY = YES;
				CLANG_WARN_ENUM_CONVERSION = YES;
				CLANG_WARN_INT_CONVERSION = YES;
				CLANG_WARN_OBJC_ROOT_CLASS = YES_ERROR;
				CLANG_WARN_UNREACHABLE_CODE = YES;
				CLANG_WARN__DUPLICATE_METHOD_MATCH = YES;
				"CODE_SIGN_IDENTITY[sdk=iphoneos*]" = "iPhone Developer";
				COPY_PHASE_STRIP = NO;
				DEBUG_INFORMATION_FORMAT = dwarf;
				ENABLE_STRICT_OBJC_MSGSEND = YES;
				ENABLE_TESTABILITY = YES;
				GCC_C_LANGUAGE_STANDARD = gnu99;
				GCC_DYNAMIC_NO_PIC = NO;
				GCC_NO_COMMON_BLOCKS = YES;
				GCC_OPTIMIZATION_LEVEL = 0;
				GCC_PREPROCESSOR_DEFINITIONS = (
					"DEBUG=1",
					"$(inherited)",
				);
				GCC_WARN_64_TO_32_BIT_CONVERSION = YES;
				GCC_WARN_ABOUT_RETURN_TYPE = YES_ERROR;
				GCC_WARN_UNDECLARED_SELECTOR = YES;
				GCC_WARN_UNINITIALIZED_AUTOS = YES_AGGRESSIVE;
				GCC_WARN_UNUSED_FUNCTION = YES;
				GCC_WARN_UNUSED_VARIABLE = YES;
				IPHONEOS_DEPLOYMENT_TARGET = 9.1;
				MTL_ENABLE_DEBUG_INFO = YES;
				ONLY_ACTIVE_ARCH = YES;
				SDKROOT = iphoneos;
				SWIFT_OPTIMIZATION_LEVEL = "-Onone";
				TARGETED_DEVICE_FAMILY = "1,2";
			};
			name = Debug;
		};
		332457F41ED280780034B666 /* Release */ = {
			isa = XCBuildConfiguration;
			buildSettings = {
				ALWAYS_SEARCH_USER_PATHS = NO;
				CLANG_CXX_LANGUAGE_STANDARD = "gnu++0x";
				CLANG_CXX_LIBRARY = "libc++";
				CLANG_ENABLE_MODULES = YES;
				CLANG_ENABLE_OBJC_ARC = YES;
				CLANG_WARN_BOOL_CONVERSION = YES;
				CLANG_WARN_CONSTANT_CONVERSION = YES;
				CLANG_WARN_DIRECT_OBJC_ISA_USAGE = YES_ERROR;
				CLANG_WARN_EMPTY_BODY = YES;
				CLANG_WARN_ENUM_CONVERSION = YES;
				CLANG_WARN_INT_CONVERSION = YES;
				CLANG_WARN_OBJC_ROOT_CLASS = YES_ERROR;
				CLANG_WARN_UNREACHABLE_CODE = YES;
				CLANG_WARN__DUPLICATE_METHOD_MATCH = YES;
				"CODE_SIGN_IDENTITY[sdk=iphoneos*]" = "iPhone Developer";
				COPY_PHASE_STRIP = NO;
				DEBUG_INFORMATION_FORMAT = "dwarf-with-dsym";
				ENABLE_NS_ASSERTIONS = NO;
				ENABLE_STRICT_OBJC_MSGSEND = YES;
				GCC_C_LANGUAGE_STANDARD = gnu99;
				GCC_NO_COMMON_BLOCKS = YES;
				GCC_WARN_64_TO_32_BIT_CONVERSION = YES;
				GCC_WARN_ABOUT_RETURN_TYPE = YES_ERROR;
				GCC_WARN_UNDECLARED_SELECTOR = YES;
				GCC_WARN_UNINITIALIZED_AUTOS = YES_AGGRESSIVE;
				GCC_WARN_UNUSED_FUNCTION = YES;
				GCC_WARN_UNUSED_VARIABLE = YES;
				IPHONEOS_DEPLOYMENT_TARGET = 9.1;
				MTL_ENABLE_DEBUG_INFO = NO;
				SDKROOT = iphoneos;
				TARGETED_DEVICE_FAMILY = "1,2";
				VALIDATE_PRODUCT = YES;
			};
			name = Release;
		};
		332457F61ED280780034B666 /* Debug */ = {
			isa = XCBuildConfiguration;
			buildSettings = {
				ASSETCATALOG_COMPILER_APPICON_NAME = AppIcon;
				INFOPLIST_FILE = tester2/Info.plist;
				LD_RUNPATH_SEARCH_PATHS = "$(inherited) @executable_path/Frameworks";
				PRODUCT_BUNDLE_IDENTIFIER = poop.tester2;
				PRODUCT_NAME = "$(TARGET_NAME)";
			};
			name = Debug;
		};
		332457F71ED280780034B666 /* Release */ = {
			isa = XCBuildConfiguration;
			buildSettings = {
				ASSETCATALOG_COMPILER_APPICON_NAME = AppIcon;
				INFOPLIST_FILE = tester2/Info.plist;
				LD_RUNPATH_SEARCH_PATHS = "$(inherited) @executable_path/Frameworks";
				PRODUCT_BUNDLE_IDENTIFIER = poop.tester2;
				PRODUCT_NAME = "$(TARGET_NAME)";
			};
			name = Release;
		};
/* End XCBuildConfiguration section */

/* Begin XCConfigurationList section */
		332457DE1ED280770034B666 /* Build configuration list for PBXProject "tester2" */ = {
			isa = XCConfigurationList;
			buildConfigurations = (
				332457F31ED280780034B666 /* Debug */,
				332457F41ED280780034B666 /* Release */,
			);
			defaultConfigurationIsVisible = 0;
			defaultConfigurationName = Release;
		};
		332457F51ED280780034B666 /* Build configuration list for PBXNativeTarget "tester2" */ = {
			isa = XCConfigurationList;
			buildConfigurations = (
				332457F61ED280780034B666 /* Debug */,
				332457F71ED280780034B666 /* Release */,
			);
			defaultConfigurationIsVisible = 0;
		};
/* End XCConfigurationList section */
	};
	rootObject = 332457DB1ED280770034B666 /* Project object */;
}
